
Microsoft Visual Studio Solution File, Format Version 12.00
# Visual Studio Version 17
VisualStudioVersion = 17.2.32526.322
MinimumVisualStudioVersion = 10.0.40219.1
Project("{FAE04EC0-301F-11D3-BF4B-00C04F79EFBC}") = "Anime3x3", "Anime3x3.csproj", "{843205B1-3FD5-412A-90E0-E842933E6729}"
EndProject
Global
	GlobalSection(SolutionConfigurationPlatforms) = preSolution
		Debug|Any CPU = Debug|Any CPU
		Release|Any CPU = Release|Any CPU
	EndGlobalSection
	GlobalSection(ProjectConfigurationPlatforms) = postSolution
		{843205B1-3FD5-412A-90E0-E842933E6729}.Debug|Any CPU.ActiveCfg = Debug|Any CPU
		{843205B1-3FD5-412A-90E0-E842933E6729}.Debug|Any CPU.Build.0 = Debug|Any CPU
		{843205B1-3FD5-412A-90E0-E842933E6729}.Release|Any CPU.ActiveCfg = Release|Any CPU
		{843205B1-3FD5-412A-90E0-E842933E6729}.Release|Any CPU.Build.0 = Release|Any CPU
	EndGlobalSection
	GlobalSection(SolutionProperties) = preSolution
		HideSolutionNode = FALSE
	EndGlobalSection
	GlobalSection(ExtensibilityGlobals) = postSolution
		SolutionGuid = {8A3830E2-0C02-48B6-A8B2-E47A3EA3E181}
	EndGlobalSection
EndGlobal
